
Microsoft Visual Studio Solution File, Format Version 12.00
# Visual Studio Version 17
VisualStudioVersion = 17.6.33829.357
MinimumVisualStudioVersion = 10.0.40219.1
Project("{FAE04EC0-301F-11D3-BF4B-00C04F79EFBC}") = "esp-bale-bot", "esp-bale-bot\esp-bale-bot.csproj", "{B5990F02-68A8-488A-85CE-E04AEEFD35F6}"
EndProject
Global
	GlobalSection(SolutionConfigurationPlatforms) = preSolution
		Debug|Any CPU = Debug|Any CPU
		Release|Any CPU = Release|Any CPU
	EndGlobalSection
	GlobalSection(ProjectConfigurationPlatforms) = postSolution
		{B5990F02-68A8-488A-85CE-E04AEEFD35F6}.Debug|Any CPU.ActiveCfg = Debug|Any CPU
		{B5990F02-68A8-488A-85CE-E04AEEFD35F6}.Debug|Any CPU.Build.0 = Debug|Any CPU
		{B5990F02-68A8-488A-85CE-E04AEEFD35F6}.Release|Any CPU.ActiveCfg = Release|Any CPU
		{B5990F02-68A8-488A-85CE-E04AEEFD35F6}.Release|Any CPU.Build.0 = Release|Any CPU
	EndGlobalSection
	GlobalSection(SolutionProperties) = preSolution
		HideSolutionNode = FALSE
	EndGlobalSection
	GlobalSection(ExtensibilityGlobals) = postSolution
		SolutionGuid = {0BA4A54F-1DEC-4729-92FF-492B844935D7}
	EndGlobalSection
EndGlobal
